
Microsoft Visual Studio Solution File, Format Version 12.00
# Visual Studio Version 16
VisualStudioVersion = 16.0.31729.503
MinimumVisualStudioVersion = 10.0.40219.1
Project("{FAE04EC0-301F-11D3-BF4B-00C04F79EFBC}") = "vehicle", "vehicle\vehicle.csproj", "{CA85A034-7C12-4940-B689-08C190C0E978}"
EndProject
Global
	GlobalSection(SolutionConfigurationPlatforms) = preSolution
		Debug|Any CPU = Debug|Any CPU
		Release|Any CPU = Release|Any CPU
	EndGlobalSection
	GlobalSection(ProjectConfigurationPlatforms) = postSolution
		{CA85A034-7C12-4940-B689-08C190C0E978}.Debug|Any CPU.ActiveCfg = Debug|Any CPU
		{CA85A034-7C12-4940-B689-08C190C0E978}.Debug|Any CPU.Build.0 = Debug|Any CPU
		{CA85A034-7C12-4940-B689-08C190C0E978}.Release|Any CPU.ActiveCfg = Release|Any CPU
		{CA85A034-7C12-4940-B689-08C190C0E978}.Release|Any CPU.Build.0 = Release|Any CPU
	EndGlobalSection
	GlobalSection(SolutionProperties) = preSolution
		HideSolutionNode = FALSE
	EndGlobalSection
	GlobalSection(ExtensibilityGlobals) = postSolution
		SolutionGuid = {068FD93E-3243-4D16-A1BA-6F7E2D8609AB}
	EndGlobalSection
EndGlobal
